// !$*UTF8*$!
{
	archiveVersion = 1;
	classes = {
	};
	objectVersion = 46;
	objects = {

/* Begin PBXBuildFile section */
		5904835D1BEE5D2F0054A18A /* AppDelegate.swift in Sources */ = {isa = PBXBuildFile; fileRef = 5904835C1BEE5D2F0054A18A /* AppDelegate.swift */; };
		5904835F1BEE5D2F0054A18A /* ViewController.swift in Sources */ = {isa = PBXBuildFile; fileRef = 5904835E1BEE5D2F0054A18A /* ViewController.swift */; };
		590483621BEE5D2F0054A18A /* Main.storyboard in Resources */ = {isa = PBXBuildFile; fileRef = 590483601BEE5D2F0054A18A /* Main.storyboard */; };
		590483641BEE5D2F0054A18A /* Assets.xcassets in Resources */ = {isa = PBXBuildFile; fileRef = 590483631BEE5D2F0054A18A /* Assets.xcassets */; };
		590483671BEE5D2F0054A18A /* LaunchScreen.storyboard in Resources */ = {isa = PBXBuildFile; fileRef = 590483651BEE5D2F0054A18A /* LaunchScreen.storyboard */; };
/* End PBXBuildFile section */

/* Begin PBXFileReference section */
		590483591BEE5D2F0054A18A /* Counter Solution.app */ = {isa = PBXFileReference; explicitFileType = wrapper.application; includeInIndex = 0; path = "Counter Solution.app"; sourceTree = BUILT_PRODUCTS_DIR; };
		5904835C1BEE5D2F0054A18A /* AppDelegate.swift */ = {isa = PBXFileReference; lastKnownFileType = sourcecode.swift; path = AppDelegate.swift; sourceTree = "<group>"; };
		5904835E1BEE5D2F0054A18A /* ViewController.swift */ = {isa = PBXFileReference; lastKnownFileType = sourcecode.swift; path = ViewController.swift; sourceTree = "<group>"; };
		590483611BEE5D2F0054A18A /* Base */ = {isa = PBXFileReference; lastKnownFileType = file.storyboard; name = Base; path = Base.lproj/Main.storyboard; sourceTree = "<group>"; };
		590483631BEE5D2F0054A18A /* Assets.xcassets */ = {isa = PBXFileReference; lastKnownFileType = folder.assetcatalog; path = Assets.xcassets; sourceTree = "<group>"; };
		590483661BEE5D2F0054A18A /* Base */ = {isa = PBXFileReference; lastKnownFileType = file.storyboard; name = Base; path = Base.lproj/LaunchScreen.storyboard; sourceTree = "<group>"; };
		590483681BEE5D2F0054A18A /* Info.plist */ = {isa = PBXFileReference; lastKnownFileType = text.plist.xml; path = Info.plist; sourceTree = "<group>"; };
/* End PBXFileReference section */

/* Begin PBXFrameworksBuildPhase section */
		590483561BEE5D2F0054A18A /* Frameworks */ = {
			isa = PBXFrameworksBuildPhase;
			buildActionMask = 2147483647;
			files = (
			);
			runOnlyForDeploymentPostprocessing = 0;
		};
/* End PBXFrameworksBuildPhase section */

/* Begin PBXGroup section */
		590483501BEE5D2F0054A18A = {
			isa = PBXGroup;
			children = (
				5904835B1BEE5D2F0054A18A /* Counter Solution */,
				5904835A1BEE5D2F0054A18A /* Products */,
			);
			sourceTree = "<group>";
		};
		5904835A1BEE5D2F0054A18A /* Products */ = {
			isa = PBXGroup;
			children = (
				590483591BEE5D2F0054A18A /* Counter Solution.app */,
			);
			name = Products;
			sourceTree = "<group>";
		};
		5904835B1BEE5D2F0054A18A /* Counter Solution */ = {
			isa = PBXGroup;
			children = (
				5904835C1BEE5D2F0054A18A /* AppDelegate.swift */,
				5904835E1BEE5D2F0054A18A /* ViewController.swift */,
				590483601BEE5D2F0054A18A /* Main.storyboard */,
				590483631BEE5D2F0054A18A /* Assets.xcassets */,
				590483651BEE5D2F0054A18A /* LaunchScreen.storyboard */,
				590483681BEE5D2F0054A18A /* Info.plist */,
			);
			path = "Counter Solution";
			sourceTree = "<group>";
		};
/* End PBXGroup section */

/* Begin PBXNativeTarget section */
		590483581BEE5D2F0054A18A /* Counter Solution */ = {
			isa = PBXNativeTarget;
			buildConfigurationList = 5904836B1BEE5D2F0054A18A /* Build configuration list for PBXNativeTarget "Counter Solution" */;
			buildPhases = (
				590483551BEE5D2F0054A18A /* Sources */,
				590483561BEE5D2F0054A18A /* Frameworks */,
				590483571BEE5D2F0054A18A /* Resources */,
			);
			buildRules = (
			);
			dependencies = (
			);
			name = "Counter Solution";
			productName = "Counter Solution";
			productReference = 590483591BEE5D2F0054A18A /* Counter Solution.app */;
			productType = "com.apple.product-type.application";
		};
/* End PBXNativeTarget section */

/* Begin PBXProject section */
		590483511BEE5D2F0054A18A /* Project object */ = {
			isa = PBXProject;
			attributes = {
				LastSwiftUpdateCheck = 0710;
				LastUpgradeCheck = 0710;
				ORGANIZATIONNAME = "Pretty Swift";
				TargetAttributes = {
					590483581BEE5D2F0054A18A = {
						CreatedOnToolsVersion = 7.1;
					};
				};
			};
			buildConfigurationList = 590483541BEE5D2F0054A18A /* Build configuration list for PBXProject "Counter Solution" */;
			compatibilityVersion = "Xcode 3.2";
			developmentRegion = English;
			hasScannedForEncodings = 0;
			knownRegions = (
				en,
				Base,
			);
			mainGroup = 590483501BEE5D2F0054A18A;
			productRefGroup = 5904835A1BEE5D2F0054A18A /* Products */;
			projectDirPath = "";
			projectRoot = "";
			targets = (
				590483581BEE5D2F0054A18A /* Counter Solution */,
			);
		};
/* End PBXProject section */

/* Begin PBXResourcesBuildPhase section */
		590483571BEE5D2F0054A18A /* Resources */ = {
			isa = PBXResourcesBuildPhase;
			buildActionMask = 2147483647;
			files = (
				590483671BEE5D2F0054A18A /* LaunchScreen.storyboard in Resources */,
				590483641BEE5D2F0054A18A /* Assets.xcassets in Resources */,
				590483621BEE5D2F0054A18A /* Main.storyboard in Resources */,
			);
			runOnlyForDeploymentPostprocessing = 0;
		};
/* End PBXResourcesBuildPhase section */

/* Begin PBXSourcesBuildPhase section */
		590483551BEE5D2F0054A18A /* Sources */ = {
			isa = PBXSourcesBuildPhase;
			buildActionMask = 2147483647;
			files = (
				5904835F1BEE5D2F0054A18A /* ViewController.swift in Sources */,
				5904835D1BEE5D2F0054A18A /* AppDelegate.swift in Sources */,
			);
			runOnlyForDeploymentPostprocessing = 0;
		};
/* End PBXSourcesBuildPhase section */

/* Begin PBXVariantGroup section */
		590483601BEE5D2F0054A18A /* Main.storyboard */ = {
			isa = PBXVariantGroup;
			children = (
				590483611BEE5D2F0054A18A /* Base */,
			);
			name = Main.storyboard;
			sourceTree = "<group>";
		};
		590483651BEE5D2F0054A18A /* LaunchScreen.storyboard */ = {
			isa = PBXVariantGroup;
			children = (
				590483661BEE5D2F0054A18A /* Base */,
			);
			name = LaunchScreen.storyboard;
			sourceTree = "<group>";
		};
/* End PBXVariantGroup section */

/* Begin XCBuildConfiguration section */
		590483691BEE5D2F0054A18A /* Debug */ = {
			isa = XCBuildConfiguration;
			buildSettings = {
				ALWAYS_SEARCH_USER_PATHS = NO;
				CLANG_CXX_LANGUAGE_STANDARD = "gnu++0x";
				CLANG_CXX_LIBRARY = "libc++";
				CLANG_ENABLE_MODULES = YES;
				CLANG_ENABLE_OBJC_ARC = YES;
				CLANG_WARN_BOOL_CONVERSION = YES;
				CLANG_WARN_CONSTANT_CONVERSION = YES;
				CLANG_WARN_DIRECT_OBJC_ISA_USAGE = YES_ERROR;
				CLANG_WARN_EMPTY_BODY = YES;
				CLANG_WARN_ENUM_CONVERSION = YES;
				CLANG_WARN_INT_CONVERSION = YES;
				CLANG_WARN_OBJC_ROOT_CLASS = YES_ERROR;
				CLANG_WARN_UNREACHABLE_CODE = YES;
				CLANG_WARN__DUPLICATE_METHOD_MATCH = YES;
				"CODE_SIGN_IDENTITY[sdk=iphoneos*]" = "iPhone Developer";
				COPY_PHASE_STRIP = NO;
				DEBUG_INFORMATION_FORMAT = dwarf;
				ENABLE_STRICT_OBJC_MSGSEND = YES;
				ENABLE_TESTABILITY = YES;
				GCC_C_LANGUAGE_STANDARD = gnu99;
				GCC_DYNAMIC_NO_PIC = NO;
				GCC_NO_COMMON_BLOCKS = YES;
				GCC_OPTIMIZATION_LEVEL = 0;
				GCC_PREPROCESSOR_DEFINITIONS = (
					"DEBUG=1",
					"$(inherited)",
				);
				GCC_WARN_64_TO_32_BIT_CONVERSION = YES;
				GCC_WARN_ABOUT_RETURN_TYPE = YES_ERROR;
				GCC_WARN_UNDECLARED_SELECTOR = YES;
				GCC_WARN_UNINITIALIZED_AUTOS = YES_AGGRESSIVE;
				GCC_WARN_UNUSED_FUNCTION = YES;
				GCC_WARN_UNUSED_VARIABLE = YES;
				IPHONEOS_DEPLOYMENT_TARGET = 9.1;
				MTL_ENABLE_DEBUG_INFO = YES;
				ONLY_ACTIVE_ARCH = YES;
				SDKROOT = iphoneos;
				SWIFT_OPTIMIZATION_LEVEL = "-Onone";
				TARGETED_DEVICE_FAMILY = "1,2";
			};
			name = Debug;
		};
		5904836A1BEE5D2F0054A18A /* Release */ = {
			isa = XCBuildConfiguration;
			buildSettings = {
				ALWAYS_SEARCH_USER_PATHS = NO;
				CLANG_CXX_LANGUAGE_STANDARD = "gnu++0x";
				CLANG_CXX_LIBRARY = "libc++";
				CLANG_ENABLE_MODULES = YES;
				CLANG_ENABLE_OBJC_ARC = YES;
				CLANG_WARN_BOOL_CONVERSION = YES;
				CLANG_WARN_CONSTANT_CONVERSION = YES;
				CLANG_WARN_DIRECT_OBJC_ISA_USAGE = YES_ERROR;
				CLANG_WARN_EMPTY_BODY = YES;
				CLANG_WARN_ENUM_CONVERSION = YES;
				CLANG_WARN_INT_CONVERSION = YES;
				CLANG_WARN_OBJC_ROOT_CLASS = YES_ERROR;
				CLANG_WARN_UNREACHABLE_CODE = YES;
				CLANG_WARN__DUPLICATE_METHOD_MATCH = YES;
				"CODE_SIGN_IDENTITY[sdk=iphoneos*]" = "iPhone Developer";
				COPY_PHASE_STRIP = NO;
				DEBUG_INFORMATION_FORMAT = "dwarf-with-dsym";
				ENABLE_NS_ASSERTIONS = NO;
				ENABLE_STRICT_OBJC_MSGSEND = YES;
				GCC_C_LANGUAGE_STANDARD = gnu99;
				GCC_NO_COMMON_BLOCKS = YES;
				GCC_WARN_64_TO_32_BIT_CONVERSION = YES;
				GCC_WARN_ABOUT_RETURN_TYPE = YES_ERROR;
				GCC_WARN_UNDECLARED_SELECTOR = YES;
				GCC_WARN_UNINITIALIZED_AUTOS = YES_AGGRESSIVE;
				GCC_WARN_UNUSED_FUNCTION = YES;
				GCC_WARN_UNUSED_VARIABLE = YES;
				IPHONEOS_DEPLOYMENT_TARGET = 9.1;
				MTL_ENABLE_DEBUG_INFO = NO;
				SDKROOT = iphoneos;
				TARGETED_DEVICE_FAMILY = "1,2";
				VALIDATE_PRODUCT = YES;
			};
			name = Release;
		};
		5904836C1BEE5D2F0054A18A /* Debug */ = {
			isa = XCBuildConfiguration;
			buildSettings = {
				ASSETCATALOG_COMPILER_APPICON_NAME = AppIcon;
				INFOPLIST_FILE = "Counter Solution/Info.plist";
				LD_RUNPATH_SEARCH_PATHS = "$(inherited) @executable_path/Frameworks";
				PRODUCT_BUNDLE_IDENTIFIER = "co.prettyswift.Counter-Solution";
				PRODUCT_NAME = "$(TARGET_NAME)";
			};
			name = Debug;
		};
		5904836D1BEE5D2F0054A18A /* Release */ = {
			isa = XCBuildConfiguration;
			buildSettings = {
				ASSETCATALOG_COMPILER_APPICON_NAME = AppIcon;
				INFOPLIST_FILE = "Counter Solution/Info.plist";
				LD_RUNPATH_SEARCH_PATHS = "$(inherited) @executable_path/Frameworks";
				PRODUCT_BUNDLE_IDENTIFIER = "co.prettyswift.Counter-Solution";
				PRODUCT_NAME = "$(TARGET_NAME)";
			};
			name = Release;
		};
/* End XCBuildConfiguration section */

/* Begin XCConfigurationList section */
		590483541BEE5D2F0054A18A /* Build configuration list for PBXProject "Counter Solution" */ = {
			isa = XCConfigurationList;
			buildConfigurations = (
				590483691BEE5D2F0054A18A /* Debug */,
				5904836A1BEE5D2F0054A18A /* Release */,
			);
			defaultConfigurationIsVisible = 0;
			defaultConfigurationName = Release;
		};
		5904836B1BEE5D2F0054A18A /* Build configuration list for PBXNativeTarget "Counter Solution" */ = {
			isa = XCConfigurationList;
			buildConfigurations = (
				5904836C1BEE5D2F0054A18A /* Debug */,
				5904836D1BEE5D2F0054A18A /* Release */,
			);
			defaultConfigurationIsVisible = 0;
		};
/* End XCConfigurationList section */
	};
	rootObject = 590483511BEE5D2F0054A18A /* Project object */;
}
